{
  "originHash" : "d77223ea3cadaebd2154378ec5005b6ebefcef3b34a4dafa368b0c4f16c0561c",
  "pins" : [
    {
      "identity" : "grdb.swift",
      "kind" : "remoteSourceControl",
      "location" : "https://github.com/groue/GRDB.swift",
      "state" : {
        "revision" : "4de97e6903d29697caae1179cdef8479c64c2639",
        "version" : "7.0.0"
      }
    }
  ],
  "version" : 3
}
