{
  "name": "evernote2jottery",
  "version": "0.1.0",
  "lockfileVersion": 3,
  "requires": true,
  "packages": {
    "": {
      "name": "evernote2jottery",
      "version": "0.1.0",
      "dependencies": {
        "fast-xml-parser": "^5.7.1",
        "mime-types": "^2.1.35",
        "turndown": "^7.2.4"
      },
      "bin": {
        "evernote2jottery": "evernote2jottery.js"
      },
      "engines": {
        "node": ">=18"
      }
    },
    "node_modules/@mixmark-io/domino": {
      "version": "2.2.0",
      "resolved": "https://registry.npmjs.org/@mixmark-io/domino/-/domino-2.2.0.tgz",
      "integrity": "sha512-Y28PR25bHXUg88kCV7nivXrP2Nj2RueZ3/l/jdx6J9f8J4nsEGcgX0Qe6lt7Pa+J79+kPiJU3LguR6O/6zrLOw==",
      "license": "BSD-2-Clause"
    },
    "node_modules/@nodable/entities": {
      "version": "2.1.0",
      "resolved": "https://registry.npmjs.org/@nodable/entities/-/entities-2.1.0.tgz",
      "integrity": "sha512-nyT7T3nbMyBI/lvr6L5TyWbFJAI9FTgVRakNoBqCD+PmID8DzFrrNdLLtHMwMszOtqZa8PAOV24ZqDnQrhQINA==",
      "funding": [
        {
          "type": "github",
          "url": "https://github.com/sponsors/nodable"
        }
      ],
      "license": "MIT"
    },
    "node_modules/fast-xml-builder": {
      "version": "1.1.5",
      "resolved": "https://registry.npmjs.org/fast-xml-builder/-/fast-xml-builder-1.1.5.tgz",
      "integrity": "sha512-4TJn/8FKLeslLAH3dnohXqE3QSoxkhvaMzepOIZytwJXZO69Bfz0HBdDHzOTOon6G59Zrk6VQ2bEiv1t61rfkA==",
      "funding": [
        {
          "type": "github",
          "url": "https://github.com/sponsors/NaturalIntelligence"
        }
      ],
      "license": "MIT",
      "dependencies": {
        "path-expression-matcher": "^1.1.3"
      }
    },
    "node_modules/fast-xml-parser": {
      "version": "5.7.1",
      "resolved": "https://registry.npmjs.org/fast-xml-parser/-/fast-xml-parser-5.7.1.tgz",
      "integrity": "sha512-8Cc3f8GUGUULg34pBch/KGyPLglS+OFs05deyOlY7fL2MTagYPKrVQNmR1fLF/yJ9PH5ZSTd3YDF6pnmeZU+zA==",
      "funding": [
        {
          "type": "github",
          "url": "https://github.com/sponsors/NaturalIntelligence"
        }
      ],
      "license": "MIT",
      "dependencies": {
        "@nodable/entities": "^2.1.0",
        "fast-xml-builder": "^1.1.5",
        "path-expression-matcher": "^1.5.0",
        "strnum": "^2.2.3"
      },
      "bin": {
        "fxparser": "src/cli/cli.js"
      }
    },
    "node_modules/mime-db": {
      "version": "1.52.0",
      "resolved": "https://registry.npmjs.org/mime-db/-/mime-db-1.52.0.tgz",
      "integrity": "sha512-sPU4uV7dYlvtWJxwwxHD0PuihVNiE7TyAbQ5SWxDCB9mUYvOgroQOwYQQOKPJ8CIbE+1ETVlOoK1UC2nU3gYvg==",
      "license": "MIT",
      "engines": {
        "node": ">= 0.6"
      }
    },
    "node_modules/mime-types": {
      "version": "2.1.35",
      "resolved": "https://registry.npmjs.org/mime-types/-/mime-types-2.1.35.tgz",
      "integrity": "sha512-ZDY+bPm5zTTF+YpCrAU9nK0UgICYPT0QtT1NZWFv4s++TNkcgVaT0g6+4R2uI4MjQjzysHB1zxuWL50hzaeXiw==",
      "license": "MIT",
      "dependencies": {
        "mime-db": "1.52.0"
      },
      "engines": {
        "node": ">= 0.6"
      }
    },
    "node_modules/path-expression-matcher": {
      "version": "1.5.0",
      "resolved": "https://registry.npmjs.org/path-expression-matcher/-/path-expression-matcher-1.5.0.tgz",
      "integrity": "sha512-cbrerZV+6rvdQrrD+iGMcZFEiiSrbv9Tfdkvnusy6y0x0GKBXREFg/Y65GhIfm0tnLntThhzCnfKwp1WRjeCyQ==",
      "funding": [
        {
          "type": "github",
          "url": "https://github.com/sponsors/NaturalIntelligence"
        }
      ],
      "license": "MIT",
      "engines": {
        "node": ">=14.0.0"
      }
    },
    "node_modules/strnum": {
      "version": "2.2.3",
      "resolved": "https://registry.npmjs.org/strnum/-/strnum-2.2.3.tgz",
      "integrity": "sha512-oKx6RUCuHfT3oyVjtnrmn19H1SiCqgJSg+54XqURKp5aCMbrXrhLjRN9TjuwMjiYstZ0MzDrHqkGZ5dFTKd+zg==",
      "funding": [
        {
          "type": "github",
          "url": "https://github.com/sponsors/NaturalIntelligence"
        }
      ],
      "license": "MIT"
    },
    "node_modules/turndown": {
      "version": "7.2.4",
      "resolved": "https://registry.npmjs.org/turndown/-/turndown-7.2.4.tgz",
      "integrity": "sha512-I8yFsfRzmzK0WV1pNNOA4A7y4RDfFxPRxb3t+e3ui14qSGOxGtiSP6GjeX+Y6CHb7HYaFj7ECUD7VE5kQMZWGQ==",
      "license": "MIT",
      "dependencies": {
        "@mixmark-io/domino": "^2.2.0"
      },
      "engines": {
        "node": ">=18",
        "npm": ">=9"
      }
    }
  }
}
